
Microsoft Visual Studio Solution File, Format Version 12.00
# Visual Studio 15
VisualStudioVersion = 15.0.26228.4
MinimumVisualStudioVersion = 10.0.40219.1
Project("{FAE04EC0-301F-11D3-BF4B-00C04F79EFBC}") = "0.01_intro", "0.01_intro\0.01_intro.csproj", "{9143D9AD-A26A-4C70-A740-9108D1E64FBF}"
EndProject
Project("{FAE04EC0-301F-11D3-BF4B-00C04F79EFBC}") = "0.02_BasicTypes", "0.02_BasicTypes\0.02_BasicTypes.csproj", "{B5AF334F-3F67-4E19-A370-643C8E3D3646}"
EndProject
Project("{FAE04EC0-301F-11D3-BF4B-00C04F79EFBC}") = "0.03_strings", "0.03_strings\0.03_strings.csproj", "{76F4916A-8BE8-4277-AA5B-F29FA12BDDA8}"
EndProject
Project("{FAE04EC0-301F-11D3-BF4B-00C04F79EFBC}") = "0.04_Conditional_if", "0.04_Conditionals\0.04_Conditional_if.csproj", "{3AD809DF-22CD-462A-A870-85CBCA80D6FF}"
EndProject
Project("{FAE04EC0-301F-11D3-BF4B-00C04F79EFBC}") = "0.04_Conditional_if_else", "0.04_Conditional_if_else\0.04_Conditional_if_else.csproj", "{9A95713B-CEA7-4D3A-9D38-25887D0DF035}"
EndProject
Project("{FAE04EC0-301F-11D3-BF4B-00C04F79EFBC}") = "0.04_conditional_else_if", "0.04_conditional_else_if\0.04_conditional_else_if.csproj", "{E72B4182-619E-4264-8725-B147E02712C7}"
EndProject
Project("{FAE04EC0-301F-11D3-BF4B-00C04F79EFBC}") = "0.04_Conditionals_ReadLine", "0.04_Conditionals_switch\0.04_Conditionals_ReadLine.csproj", "{FD5442BB-ED76-458D-B3E4-17FCA0E6335F}"
EndProject
Project("{FAE04EC0-301F-11D3-BF4B-00C04F79EFBC}") = "0.04_Conditionls_Switch", "0.04_Conditionls_Switch\0.04_Conditionls_Switch.csproj", "{97C960FC-994B-4B7F-913D-4D49201BAC63}"
EndProject
Project("{FAE04EC0-301F-11D3-BF4B-00C04F79EFBC}") = "0.05_Objects", "0.05_Objects\0.05_Objects.csproj", "{85C0DA69-7F5A-4E11-8A9A-BD62E11F0959}"
EndProject
Project("{FAE04EC0-301F-11D3-BF4B-00C04F79EFBC}") = "0.05_Challenge", "0.05_Challenge\0.05_Challenge.csproj", "{B523C7B6-944B-4157-B76E-EA4E1FEEA158}"
EndProject
Project("{FAE04EC0-301F-11D3-BF4B-00C04F79EFBC}") = "0.06_Methods", "0.06_Methods\0.06_Methods.csproj", "{943A9DF0-9411-4574-AEA5-1B20625D2415}"
EndProject
Project("{FAE04EC0-301F-11D3-BF4B-00C04F79EFBC}") = "0.06_Methods_Challenge", "0.06_Methods_Challenge\0.06_Methods_Challenge.csproj", "{419A4023-9E58-4708-B614-67FD6FFB4CB8}"
EndProject
Project("{FAE04EC0-301F-11D3-BF4B-00C04F79EFBC}") = "0.08_Methods_Overloading", "0.08_Methods_Overloading\0.08_Methods_Overloading.csproj", "{A9BA8228-FB48-48F9-9397-4BB3968340B5}"
EndProject
Project("{FAE04EC0-301F-11D3-BF4B-00C04F79EFBC}") = "0.09_Constructors", "0.09_Constructors\0.09_Constructors.csproj", "{443B8753-B3B4-4DE1-8AEB-5CF38DA21C1C}"
EndProject
Project("{FAE04EC0-301F-11D3-BF4B-00C04F79EFBC}") = "0.09_Constructors_Challenge", "0.09_Constructors_Challenge\0.09_Constructors_Challenge.csproj", "{7A134E91-FBBE-468F-8D04-1B17390BFEAC}"
EndProject
Project("{FAE04EC0-301F-11D3-BF4B-00C04F79EFBC}") = "0.10_For_Loops", "0.10_For_Loops\0.10_For_Loops.csproj", "{A263BFE9-5ACA-482E-98BB-B11BF1378C2B}"
EndProject
Project("{FAE04EC0-301F-11D3-BF4B-00C04F79EFBC}") = "0.10_Loop_Program", "0.10_Loop_Program\0.10_Loop_Program.csproj", "{4C338A17-E0D5-439B-ACE7-38E42A5AC4D5}"
EndProject
Project("{FAE04EC0-301F-11D3-BF4B-00C04F79EFBC}") = "0.10_ForEach_Loops", "0.10_ForEach_Loops\0.10_ForEach_Loops.csproj", "{52AA86B7-6DDE-4978-B40A-EAEC5A24785E}"
EndProject
Project("{FAE04EC0-301F-11D3-BF4B-00C04F79EFBC}") = "0.10_Collections_ArraysOfObjects", "0.10_Collections_ArraysOfObjects\0.10_Collections_ArraysOfObjects.csproj", "{1386D209-8443-4CA1-B784-4F08125A8E3C}"
EndProject
Project("{FAE04EC0-301F-11D3-BF4B-00C04F79EFBC}") = "0.10_Collections_Dictionaries", "0.10_Collections_Dictionaries\0.10_Collections_Dictionaries.csproj", "{4CC476DD-8641-40FE-B040-712BFD54E6DD}"
EndProject
Project("{FAE04EC0-301F-11D3-BF4B-00C04F79EFBC}") = "0.10_Dictionaries_Challenge", "0.10_Dictionaries_Challenge\0.10_Dictionaries_Challenge.csproj", "{79251333-5AD6-43F5-86E3-B6E7B4903565}"
EndProject
Project("{FAE04EC0-301F-11D3-BF4B-00C04F79EFBC}") = "0.11_Inheritance", "0.11_Inheritance\0.11_Inheritance.csproj", "{3D216D15-4F0B-4DE5-B11A-4A8DB73CD1AE}"
EndProject
Project("{FAE04EC0-301F-11D3-BF4B-00C04F79EFBC}") = "0.12_AccessModifiers", "0.12_AccessModifiers\0.12_AccessModifiers.csproj", "{B9E5554B-9610-43C0-9451-7B71AEBF880B}"
EndProject
Project("{FAE04EC0-301F-11D3-BF4B-00C04F79EFBC}") = "0.13_Getters_Setters", "0.13_Getters_Setters\0.13_Getters_Setters.csproj", "{084C42B9-3770-46B7-B173-EA634F0E8AFE}"
EndProject
Project("{FAE04EC0-301F-11D3-BF4B-00C04F79EFBC}") = "0.14_Adventure_Game", "0.14_Adventure_Game\0.14_Adventure_Game.csproj", "{B1039DA9-C862-4D1B-80E2-9D9321DF68E7}"
EndProject
Project("{FAE04EC0-301F-11D3-BF4B-00C04F79EFBC}") = "0.15_Structs", "0.15_Structs\0.15_Structs.csproj", "{38AC0CD5-22FD-475E-9AB1-918E2EE369FA}"
EndProject
Project("{FAE04EC0-301F-11D3-BF4B-00C04F79EFBC}") = "0.16_Lists", "0.16_Lists\0.16_Lists.csproj", "{DD386F5F-E258-4E41-8184-E618FF185A7F}"
EndProject
Project("{FAE04EC0-301F-11D3-BF4B-00C04F79EFBC}") = "0.17_Linq", "0.17_Linq\0.17_Linq.csproj", "{C8F145C7-2A79-4125-9BFF-8054E1949CC6}"
EndProject
Global
	GlobalSection(SolutionConfigurationPlatforms) = preSolution
		Debug|Any CPU = Debug|Any CPU
		Release|Any CPU = Release|Any CPU
	EndGlobalSection
	GlobalSection(ProjectConfigurationPlatforms) = postSolution
		{9143D9AD-A26A-4C70-A740-9108D1E64FBF}.Debug|Any CPU.ActiveCfg = Debug|Any CPU
		{9143D9AD-A26A-4C70-A740-9108D1E64FBF}.Debug|Any CPU.Build.0 = Debug|Any CPU
		{9143D9AD-A26A-4C70-A740-9108D1E64FBF}.Release|Any CPU.ActiveCfg = Release|Any CPU
		{9143D9AD-A26A-4C70-A740-9108D1E64FBF}.Release|Any CPU.Build.0 = Release|Any CPU
		{B5AF334F-3F67-4E19-A370-643C8E3D3646}.Debug|Any CPU.ActiveCfg = Debug|Any CPU
		{B5AF334F-3F67-4E19-A370-643C8E3D3646}.Debug|Any CPU.Build.0 = Debug|Any CPU
		{B5AF334F-3F67-4E19-A370-643C8E3D3646}.Release|Any CPU.ActiveCfg = Release|Any CPU
		{B5AF334F-3F67-4E19-A370-643C8E3D3646}.Release|Any CPU.Build.0 = Release|Any CPU
		{76F4916A-8BE8-4277-AA5B-F29FA12BDDA8}.Debug|Any CPU.ActiveCfg = Debug|Any CPU
		{76F4916A-8BE8-4277-AA5B-F29FA12BDDA8}.Debug|Any CPU.Build.0 = Debug|Any CPU
		{76F4916A-8BE8-4277-AA5B-F29FA12BDDA8}.Release|Any CPU.ActiveCfg = Release|Any CPU
		{76F4916A-8BE8-4277-AA5B-F29FA12BDDA8}.Release|Any CPU.Build.0 = Release|Any CPU
		{3AD809DF-22CD-462A-A870-85CBCA80D6FF}.Debug|Any CPU.ActiveCfg = Debug|Any CPU
		{3AD809DF-22CD-462A-A870-85CBCA80D6FF}.Debug|Any CPU.Build.0 = Debug|Any CPU
		{3AD809DF-22CD-462A-A870-85CBCA80D6FF}.Release|Any CPU.ActiveCfg = Release|Any CPU
		{3AD809DF-22CD-462A-A870-85CBCA80D6FF}.Release|Any CPU.Build.0 = Release|Any CPU
		{9A95713B-CEA7-4D3A-9D38-25887D0DF035}.Debug|Any CPU.ActiveCfg = Debug|Any CPU
		{9A95713B-CEA7-4D3A-9D38-25887D0DF035}.Debug|Any CPU.Build.0 = Debug|Any CPU
		{9A95713B-CEA7-4D3A-9D38-25887D0DF035}.Release|Any CPU.ActiveCfg = Release|Any CPU
		{9A95713B-CEA7-4D3A-9D38-25887D0DF035}.Release|Any CPU.Build.0 = Release|Any CPU
		{E72B4182-619E-4264-8725-B147E02712C7}.Debug|Any CPU.ActiveCfg = Debug|Any CPU
		{E72B4182-619E-4264-8725-B147E02712C7}.Debug|Any CPU.Build.0 = Debug|Any CPU
		{E72B4182-619E-4264-8725-B147E02712C7}.Release|Any CPU.ActiveCfg = Release|Any CPU
		{E72B4182-619E-4264-8725-B147E02712C7}.Release|Any CPU.Build.0 = Release|Any CPU
		{FD5442BB-ED76-458D-B3E4-17FCA0E6335F}.Debug|Any CPU.ActiveCfg = Debug|Any CPU
		{FD5442BB-ED76-458D-B3E4-17FCA0E6335F}.Debug|Any CPU.Build.0 = Debug|Any CPU
		{FD5442BB-ED76-458D-B3E4-17FCA0E6335F}.Release|Any CPU.ActiveCfg = Release|Any CPU
		{FD5442BB-ED76-458D-B3E4-17FCA0E6335F}.Release|Any CPU.Build.0 = Release|Any CPU
		{97C960FC-994B-4B7F-913D-4D49201BAC63}.Debug|Any CPU.ActiveCfg = Debug|Any CPU
		{97C960FC-994B-4B7F-913D-4D49201BAC63}.Debug|Any CPU.Build.0 = Debug|Any CPU
		{97C960FC-994B-4B7F-913D-4D49201BAC63}.Release|Any CPU.ActiveCfg = Release|Any CPU
		{97C960FC-994B-4B7F-913D-4D49201BAC63}.Release|Any CPU.Build.0 = Release|Any CPU
		{85C0DA69-7F5A-4E11-8A9A-BD62E11F0959}.Debug|Any CPU.ActiveCfg = Debug|Any CPU
		{85C0DA69-7F5A-4E11-8A9A-BD62E11F0959}.Debug|Any CPU.Build.0 = Debug|Any CPU
		{85C0DA69-7F5A-4E11-8A9A-BD62E11F0959}.Release|Any CPU.ActiveCfg = Release|Any CPU
		{85C0DA69-7F5A-4E11-8A9A-BD62E11F0959}.Release|Any CPU.Build.0 = Release|Any CPU
		{B523C7B6-944B-4157-B76E-EA4E1FEEA158}.Debug|Any CPU.ActiveCfg = Debug|Any CPU
		{B523C7B6-944B-4157-B76E-EA4E1FEEA158}.Debug|Any CPU.Build.0 = Debug|Any CPU
		{B523C7B6-944B-4157-B76E-EA4E1FEEA158}.Release|Any CPU.ActiveCfg = Release|Any CPU
		{B523C7B6-944B-4157-B76E-EA4E1FEEA158}.Release|Any CPU.Build.0 = Release|Any CPU
		{943A9DF0-9411-4574-AEA5-1B20625D2415}.Debug|Any CPU.ActiveCfg = Debug|Any CPU
		{943A9DF0-9411-4574-AEA5-1B20625D2415}.Debug|Any CPU.Build.0 = Debug|Any CPU
		{943A9DF0-9411-4574-AEA5-1B20625D2415}.Release|Any CPU.ActiveCfg = Release|Any CPU
		{943A9DF0-9411-4574-AEA5-1B20625D2415}.Release|Any CPU.Build.0 = Release|Any CPU
		{419A4023-9E58-4708-B614-67FD6FFB4CB8}.Debug|Any CPU.ActiveCfg = Debug|Any CPU
		{419A4023-9E58-4708-B614-67FD6FFB4CB8}.Debug|Any CPU.Build.0 = Debug|Any CPU
		{419A4023-9E58-4708-B614-67FD6FFB4CB8}.Release|Any CPU.ActiveCfg = Release|Any CPU
		{419A4023-9E58-4708-B614-67FD6FFB4CB8}.Release|Any CPU.Build.0 = Release|Any CPU
		{A9BA8228-FB48-48F9-9397-4BB3968340B5}.Debug|Any CPU.ActiveCfg = Debug|Any CPU
		{A9BA8228-FB48-48F9-9397-4BB3968340B5}.Debug|Any CPU.Build.0 = Debug|Any CPU
		{A9BA8228-FB48-48F9-9397-4BB3968340B5}.Release|Any CPU.ActiveCfg = Release|Any CPU
		{A9BA8228-FB48-48F9-9397-4BB3968340B5}.Release|Any CPU.Build.0 = Release|Any CPU
		{443B8753-B3B4-4DE1-8AEB-5CF38DA21C1C}.Debug|Any CPU.ActiveCfg = Debug|Any CPU
		{443B8753-B3B4-4DE1-8AEB-5CF38DA21C1C}.Debug|Any CPU.Build.0 = Debug|Any CPU
		{443B8753-B3B4-4DE1-8AEB-5CF38DA21C1C}.Release|Any CPU.ActiveCfg = Release|Any CPU
		{443B8753-B3B4-4DE1-8AEB-5CF38DA21C1C}.Release|Any CPU.Build.0 = Release|Any CPU
		{7A134E91-FBBE-468F-8D04-1B17390BFEAC}.Debug|Any CPU.ActiveCfg = Debug|Any CPU
		{7A134E91-FBBE-468F-8D04-1B17390BFEAC}.Debug|Any CPU.Build.0 = Debug|Any CPU
		{7A134E91-FBBE-468F-8D04-1B17390BFEAC}.Release|Any CPU.ActiveCfg = Release|Any CPU
		{7A134E91-FBBE-468F-8D04-1B17390BFEAC}.Release|Any CPU.Build.0 = Release|Any CPU
		{A263BFE9-5ACA-482E-98BB-B11BF1378C2B}.Debug|Any CPU.ActiveCfg = Debug|Any CPU
		{A263BFE9-5ACA-482E-98BB-B11BF1378C2B}.Debug|Any CPU.Build.0 = Debug|Any CPU
		{A263BFE9-5ACA-482E-98BB-B11BF1378C2B}.Release|Any CPU.ActiveCfg = Release|Any CPU
		{A263BFE9-5ACA-482E-98BB-B11BF1378C2B}.Release|Any CPU.Build.0 = Release|Any CPU
		{4C338A17-E0D5-439B-ACE7-38E42A5AC4D5}.Debug|Any CPU.ActiveCfg = Debug|Any CPU
		{4C338A17-E0D5-439B-ACE7-38E42A5AC4D5}.Debug|Any CPU.Build.0 = Debug|Any CPU
		{4C338A17-E0D5-439B-ACE7-38E42A5AC4D5}.Release|Any CPU.ActiveCfg = Release|Any CPU
		{4C338A17-E0D5-439B-ACE7-38E42A5AC4D5}.Release|Any CPU.Build.0 = Release|Any CPU
		{52AA86B7-6DDE-4978-B40A-EAEC5A24785E}.Debug|Any CPU.ActiveCfg = Debug|Any CPU
		{52AA86B7-6DDE-4978-B40A-EAEC5A24785E}.Debug|Any CPU.Build.0 = Debug|Any CPU
		{52AA86B7-6DDE-4978-B40A-EAEC5A24785E}.Release|Any CPU.ActiveCfg = Release|Any CPU
		{52AA86B7-6DDE-4978-B40A-EAEC5A24785E}.Release|Any CPU.Build.0 = Release|Any CPU
		{1386D209-8443-4CA1-B784-4F08125A8E3C}.Debug|Any CPU.ActiveCfg = Debug|Any CPU
		{1386D209-8443-4CA1-B784-4F08125A8E3C}.Debug|Any CPU.Build.0 = Debug|Any CPU
		{1386D209-8443-4CA1-B784-4F08125A8E3C}.Release|Any CPU.ActiveCfg = Release|Any CPU
		{1386D209-8443-4CA1-B784-4F08125A8E3C}.Release|Any CPU.Build.0 = Release|Any CPU
		{4CC476DD-8641-40FE-B040-712BFD54E6DD}.Debug|Any CPU.ActiveCfg = Debug|Any CPU
		{4CC476DD-8641-40FE-B040-712BFD54E6DD}.Debug|Any CPU.Build.0 = Debug|Any CPU
		{4CC476DD-8641-40FE-B040-712BFD54E6DD}.Release|Any CPU.ActiveCfg = Release|Any CPU
		{4CC476DD-8641-40FE-B040-712BFD54E6DD}.Release|Any CPU.Build.0 = Release|Any CPU
		{79251333-5AD6-43F5-86E3-B6E7B4903565}.Debug|Any CPU.ActiveCfg = Debug|Any CPU
		{79251333-5AD6-43F5-86E3-B6E7B4903565}.Debug|Any CPU.Build.0 = Debug|Any CPU
		{79251333-5AD6-43F5-86E3-B6E7B4903565}.Release|Any CPU.ActiveCfg = Release|Any CPU
		{79251333-5AD6-43F5-86E3-B6E7B4903565}.Release|Any CPU.Build.0 = Release|Any CPU
		{3D216D15-4F0B-4DE5-B11A-4A8DB73CD1AE}.Debug|Any CPU.ActiveCfg = Debug|Any CPU
		{3D216D15-4F0B-4DE5-B11A-4A8DB73CD1AE}.Debug|Any CPU.Build.0 = Debug|Any CPU
		{3D216D15-4F0B-4DE5-B11A-4A8DB73CD1AE}.Release|Any CPU.ActiveCfg = Release|Any CPU
		{3D216D15-4F0B-4DE5-B11A-4A8DB73CD1AE}.Release|Any CPU.Build.0 = Release|Any CPU
		{B9E5554B-9610-43C0-9451-7B71AEBF880B}.Debug|Any CPU.ActiveCfg = Debug|Any CPU
		{B9E5554B-9610-43C0-9451-7B71AEBF880B}.Debug|Any CPU.Build.0 = Debug|Any CPU
		{B9E5554B-9610-43C0-9451-7B71AEBF880B}.Release|Any CPU.ActiveCfg = Release|Any CPU
		{B9E5554B-9610-43C0-9451-7B71AEBF880B}.Release|Any CPU.Build.0 = Release|Any CPU
		{084C42B9-3770-46B7-B173-EA634F0E8AFE}.Debug|Any CPU.ActiveCfg = Debug|Any CPU
		{084C42B9-3770-46B7-B173-EA634F0E8AFE}.Debug|Any CPU.Build.0 = Debug|Any CPU
		{084C42B9-3770-46B7-B173-EA634F0E8AFE}.Release|Any CPU.ActiveCfg = Release|Any CPU
		{084C42B9-3770-46B7-B173-EA634F0E8AFE}.Release|Any CPU.Build.0 = Release|Any CPU
		{B1039DA9-C862-4D1B-80E2-9D9321DF68E7}.Debug|Any CPU.ActiveCfg = Debug|Any CPU
		{B1039DA9-C862-4D1B-80E2-9D9321DF68E7}.Debug|Any CPU.Build.0 = Debug|Any CPU
		{B1039DA9-C862-4D1B-80E2-9D9321DF68E7}.Release|Any CPU.ActiveCfg = Release|Any CPU
		{B1039DA9-C862-4D1B-80E2-9D9321DF68E7}.Release|Any CPU.Build.0 = Release|Any CPU
		{38AC0CD5-22FD-475E-9AB1-918E2EE369FA}.Debug|Any CPU.ActiveCfg = Debug|Any CPU
		{38AC0CD5-22FD-475E-9AB1-918E2EE369FA}.Debug|Any CPU.Build.0 = Debug|Any CPU
		{38AC0CD5-22FD-475E-9AB1-918E2EE369FA}.Release|Any CPU.ActiveCfg = Release|Any CPU
		{38AC0CD5-22FD-475E-9AB1-918E2EE369FA}.Release|Any CPU.Build.0 = Release|Any CPU
		{DD386F5F-E258-4E41-8184-E618FF185A7F}.Debug|Any CPU.ActiveCfg = Debug|Any CPU
		{DD386F5F-E258-4E41-8184-E618FF185A7F}.Debug|Any CPU.Build.0 = Debug|Any CPU
		{DD386F5F-E258-4E41-8184-E618FF185A7F}.Release|Any CPU.ActiveCfg = Release|Any CPU
		{DD386F5F-E258-4E41-8184-E618FF185A7F}.Release|Any CPU.Build.0 = Release|Any CPU
		{C8F145C7-2A79-4125-9BFF-8054E1949CC6}.Debug|Any CPU.ActiveCfg = Debug|Any CPU
		{C8F145C7-2A79-4125-9BFF-8054E1949CC6}.Debug|Any CPU.Build.0 = Debug|Any CPU
		{C8F145C7-2A79-4125-9BFF-8054E1949CC6}.Release|Any CPU.ActiveCfg = Release|Any CPU
		{C8F145C7-2A79-4125-9BFF-8054E1949CC6}.Release|Any CPU.Build.0 = Release|Any CPU
	EndGlobalSection
	GlobalSection(SolutionProperties) = preSolution
		HideSolutionNode = FALSE
	EndGlobalSection
EndGlobal
